// !$*UTF8*$!
{
	archiveVersion = 1;
	classes = {
	};
	objectVersion = 46;
	objects = {

/* Begin PBXBuildFile section */
		EEE2AE621CEE4C790067FFB8 /* ITStudent.m in Sources */ = {isa = PBXBuildFile; fileRef = EEE2AE611CEE4C790067FFB8 /* ITStudent.m */; };
		EEE2AE661CEE550B0067FFB8 /* ITStudentViewController.m in Sources */ = {isa = PBXBuildFile; fileRef = EEE2AE651CEE550B0067FFB8 /* ITStudentViewController.m */; };
		EEEEE9371CEDF89000E579EA /* main.m in Sources */ = {isa = PBXBuildFile; fileRef = EEEEE9361CEDF89000E579EA /* main.m */; };
		EEEEE93A1CEDF89000E579EA /* AppDelegate.m in Sources */ = {isa = PBXBuildFile; fileRef = EEEEE9391CEDF89000E579EA /* AppDelegate.m */; };
		EEEEE93D1CEDF89000E579EA /* ViewController.m in Sources */ = {isa = PBXBuildFile; fileRef = EEEEE93C1CEDF89000E579EA /* ViewController.m */; };
		EEEEE9401CEDF89000E579EA /* Main.storyboard in Resources */ = {isa = PBXBuildFile; fileRef = EEEEE93E1CEDF89000E579EA /* Main.storyboard */; };
		EEEEE9431CEDF89000E579EA /* TableViewSearch.xcdatamodeld in Sources */ = {isa = PBXBuildFile; fileRef = EEEEE9411CEDF89000E579EA /* TableViewSearch.xcdatamodeld */; };
		EEEEE9451CEDF89000E579EA /* Assets.xcassets in Resources */ = {isa = PBXBuildFile; fileRef = EEEEE9441CEDF89000E579EA /* Assets.xcassets */; };
		EEEEE9481CEDF89000E579EA /* LaunchScreen.storyboard in Resources */ = {isa = PBXBuildFile; fileRef = EEEEE9461CEDF89000E579EA /* LaunchScreen.storyboard */; };
		EEEEE9511CEE0A9500E579EA /* ITSection.m in Sources */ = {isa = PBXBuildFile; fileRef = EEEEE9501CEE0A9500E579EA /* ITSection.m */; };
/* End PBXBuildFile section */

/* Begin PBXFileReference section */
		EEE2AE601CEE4C790067FFB8 /* ITStudent.h */ = {isa = PBXFileReference; fileEncoding = 4; lastKnownFileType = sourcecode.c.h; path = ITStudent.h; sourceTree = "<group>"; };
		EEE2AE611CEE4C790067FFB8 /* ITStudent.m */ = {isa = PBXFileReference; fileEncoding = 4; lastKnownFileType = sourcecode.c.objc; path = ITStudent.m; sourceTree = "<group>"; };
		EEE2AE641CEE550B0067FFB8 /* ITStudentViewController.h */ = {isa = PBXFileReference; fileEncoding = 4; lastKnownFileType = sourcecode.c.h; path = ITStudentViewController.h; sourceTree = "<group>"; };
		EEE2AE651CEE550B0067FFB8 /* ITStudentViewController.m */ = {isa = PBXFileReference; fileEncoding = 4; lastKnownFileType = sourcecode.c.objc; path = ITStudentViewController.m; sourceTree = "<group>"; };
		EEEEE9321CEDF89000E579EA /* TableViewSearch.app */ = {isa = PBXFileReference; explicitFileType = wrapper.application; includeInIndex = 0; path = TableViewSearch.app; sourceTree = BUILT_PRODUCTS_DIR; };
		EEEEE9361CEDF89000E579EA /* main.m */ = {isa = PBXFileReference; lastKnownFileType = sourcecode.c.objc; path = main.m; sourceTree = "<group>"; };
		EEEEE9381CEDF89000E579EA /* AppDelegate.h */ = {isa = PBXFileReference; lastKnownFileType = sourcecode.c.h; path = AppDelegate.h; sourceTree = "<group>"; };
		EEEEE9391CEDF89000E579EA /* AppDelegate.m */ = {isa = PBXFileReference; lastKnownFileType = sourcecode.c.objc; path = AppDelegate.m; sourceTree = "<group>"; };
		EEEEE93B1CEDF89000E579EA /* ViewController.h */ = {isa = PBXFileReference; lastKnownFileType = sourcecode.c.h; path = ViewController.h; sourceTree = "<group>"; };
		EEEEE93C1CEDF89000E579EA /* ViewController.m */ = {isa = PBXFileReference; lastKnownFileType = sourcecode.c.objc; path = ViewController.m; sourceTree = "<group>"; };
		EEEEE93F1CEDF89000E579EA /* Base */ = {isa = PBXFileReference; lastKnownFileType = file.storyboard; name = Base; path = Base.lproj/Main.storyboard; sourceTree = "<group>"; };
		EEEEE9421CEDF89000E579EA /* TableViewSearch.xcdatamodel */ = {isa = PBXFileReference; lastKnownFileType = wrapper.xcdatamodel; path = TableViewSearch.xcdatamodel; sourceTree = "<group>"; };
		EEEEE9441CEDF89000E579EA /* Assets.xcassets */ = {isa = PBXFileReference; lastKnownFileType = folder.assetcatalog; path = Assets.xcassets; sourceTree = "<group>"; };
		EEEEE9471CEDF89000E579EA /* Base */ = {isa = PBXFileReference; lastKnownFileType = file.storyboard; name = Base; path = Base.lproj/LaunchScreen.storyboard; sourceTree = "<group>"; };
		EEEEE9491CEDF89000E579EA /* Info.plist */ = {isa = PBXFileReference; lastKnownFileType = text.plist.xml; path = Info.plist; sourceTree = "<group>"; };
		EEEEE94F1CEE0A9500E579EA /* ITSection.h */ = {isa = PBXFileReference; fileEncoding = 4; lastKnownFileType = sourcecode.c.h; path = ITSection.h; sourceTree = "<group>"; };
		EEEEE9501CEE0A9500E579EA /* ITSection.m */ = {isa = PBXFileReference; fileEncoding = 4; lastKnownFileType = sourcecode.c.objc; path = ITSection.m; sourceTree = "<group>"; };
/* End PBXFileReference section */

/* Begin PBXFrameworksBuildPhase section */
		EEEEE92F1CEDF89000E579EA /* Frameworks */ = {
			isa = PBXFrameworksBuildPhase;
			buildActionMask = 2147483647;
			files = (
			);
			runOnlyForDeploymentPostprocessing = 0;
		};
/* End PBXFrameworksBuildPhase section */

/* Begin PBXGroup section */
		EEE2AE631CEE4C7E0067FFB8 /* Model */ = {
			isa = PBXGroup;
			children = (
				EEE2AE601CEE4C790067FFB8 /* ITStudent.h */,
				EEE2AE611CEE4C790067FFB8 /* ITStudent.m */,
			);
			name = Model;
			sourceTree = "<group>";
		};
		EEEEE9291CEDF89000E579EA = {
			isa = PBXGroup;
			children = (
				EEEEE9341CEDF89000E579EA /* TableViewSearch */,
				EEEEE9331CEDF89000E579EA /* Products */,
			);
			sourceTree = "<group>";
		};
		EEEEE9331CEDF89000E579EA /* Products */ = {
			isa = PBXGroup;
			children = (
				EEEEE9321CEDF89000E579EA /* TableViewSearch.app */,
			);
			name = Products;
			sourceTree = "<group>";
		};
		EEEEE9341CEDF89000E579EA /* TableViewSearch */ = {
			isa = PBXGroup;
			children = (
				EEEEE9381CEDF89000E579EA /* AppDelegate.h */,
				EEEEE9391CEDF89000E579EA /* AppDelegate.m */,
				EEEEE93B1CEDF89000E579EA /* ViewController.h */,
				EEEEE93C1CEDF89000E579EA /* ViewController.m */,
				EEE2AE641CEE550B0067FFB8 /* ITStudentViewController.h */,
				EEE2AE651CEE550B0067FFB8 /* ITStudentViewController.m */,
				EEE2AE631CEE4C7E0067FFB8 /* Model */,
				EEEEE94F1CEE0A9500E579EA /* ITSection.h */,
				EEEEE9501CEE0A9500E579EA /* ITSection.m */,
				EEEEE93E1CEDF89000E579EA /* Main.storyboard */,
				EEEEE9441CEDF89000E579EA /* Assets.xcassets */,
				EEEEE9461CEDF89000E579EA /* LaunchScreen.storyboard */,
				EEEEE9491CEDF89000E579EA /* Info.plist */,
				EEEEE9411CEDF89000E579EA /* TableViewSearch.xcdatamodeld */,
				EEEEE9351CEDF89000E579EA /* Supporting Files */,
			);
			path = TableViewSearch;
			sourceTree = "<group>";
		};
		EEEEE9351CEDF89000E579EA /* Supporting Files */ = {
			isa = PBXGroup;
			children = (
				EEEEE9361CEDF89000E579EA /* main.m */,
			);
			name = "Supporting Files";
			sourceTree = "<group>";
		};
/* End PBXGroup section */

/* Begin PBXNativeTarget section */
		EEEEE9311CEDF89000E579EA /* TableViewSearch */ = {
			isa = PBXNativeTarget;
			buildConfigurationList = EEEEE94C1CEDF89000E579EA /* Build configuration list for PBXNativeTarget "TableViewSearch" */;
			buildPhases = (
				EEEEE92E1CEDF89000E579EA /* Sources */,
				EEEEE92F1CEDF89000E579EA /* Frameworks */,
				EEEEE9301CEDF89000E579EA /* Resources */,
			);
			buildRules = (
			);
			dependencies = (
			);
			name = TableViewSearch;
			productName = TableViewSearch;
			productReference = EEEEE9321CEDF89000E579EA /* TableViewSearch.app */;
			productType = "com.apple.product-type.application";
		};
/* End PBXNativeTarget section */

/* Begin PBXProject section */
		EEEEE92A1CEDF89000E579EA /* Project object */ = {
			isa = PBXProject;
			attributes = {
				CLASSPREFIX = IT;
				LastUpgradeCheck = 0720;
				ORGANIZATIONNAME = "Игорь Талов";
				TargetAttributes = {
					EEEEE9311CEDF89000E579EA = {
						CreatedOnToolsVersion = 7.2;
						DevelopmentTeam = GU388YC6S7;
					};
				};
			};
			buildConfigurationList = EEEEE92D1CEDF89000E579EA /* Build configuration list for PBXProject "TableViewSearch" */;
			compatibilityVersion = "Xcode 3.2";
			developmentRegion = English;
			hasScannedForEncodings = 0;
			knownRegions = (
				en,
				Base,
			);
			mainGroup = EEEEE9291CEDF89000E579EA;
			productRefGroup = EEEEE9331CEDF89000E579EA /* Products */;
			projectDirPath = "";
			projectRoot = "";
			targets = (
				EEEEE9311CEDF89000E579EA /* TableViewSearch */,
			);
		};
/* End PBXProject section */

/* Begin PBXResourcesBuildPhase section */
		EEEEE9301CEDF89000E579EA /* Resources */ = {
			isa = PBXResourcesBuildPhase;
			buildActionMask = 2147483647;
			files = (
				EEEEE9481CEDF89000E579EA /* LaunchScreen.storyboard in Resources */,
				EEEEE9451CEDF89000E579EA /* Assets.xcassets in Resources */,
				EEEEE9401CEDF89000E579EA /* Main.storyboard in Resources */,
			);
			runOnlyForDeploymentPostprocessing = 0;
		};
/* End PBXResourcesBuildPhase section */

/* Begin PBXSourcesBuildPhase section */
		EEEEE92E1CEDF89000E579EA /* Sources */ = {
			isa = PBXSourcesBuildPhase;
			buildActionMask = 2147483647;
			files = (
				EEE2AE621CEE4C790067FFB8 /* ITStudent.m in Sources */,
				EEEEE93D1CEDF89000E579EA /* ViewController.m in Sources */,
				EEEEE9431CEDF89000E579EA /* TableViewSearch.xcdatamodeld in Sources */,
				EEEEE93A1CEDF89000E579EA /* AppDelegate.m in Sources */,
				EEEEE9371CEDF89000E579EA /* main.m in Sources */,
				EEE2AE661CEE550B0067FFB8 /* ITStudentViewController.m in Sources */,
				EEEEE9511CEE0A9500E579EA /* ITSection.m in Sources */,
			);
			runOnlyForDeploymentPostprocessing = 0;
		};
/* End PBXSourcesBuildPhase section */

/* Begin PBXVariantGroup section */
		EEEEE93E1CEDF89000E579EA /* Main.storyboard */ = {
			isa = PBXVariantGroup;
			children = (
				EEEEE93F1CEDF89000E579EA /* Base */,
			);
			name = Main.storyboard;
			sourceTree = "<group>";
		};
		EEEEE9461CEDF89000E579EA /* LaunchScreen.storyboard */ = {
			isa = PBXVariantGroup;
			children = (
				EEEEE9471CEDF89000E579EA /* Base */,
			);
			name = LaunchScreen.storyboard;
			sourceTree = "<group>";
		};
/* End PBXVariantGroup section */

/* Begin XCBuildConfiguration section */
		EEEEE94A1CEDF89000E579EA /* Debug */ = {
			isa = XCBuildConfiguration;
			buildSettings = {
				ALWAYS_SEARCH_USER_PATHS = NO;
				CLANG_CXX_LANGUAGE_STANDARD = "gnu++0x";
				CLANG_CXX_LIBRARY = "libc++";
				CLANG_ENABLE_MODULES = YES;
				CLANG_ENABLE_OBJC_ARC = YES;
				CLANG_WARN_BOOL_CONVERSION = YES;
				CLANG_WARN_CONSTANT_CONVERSION = YES;
				CLANG_WARN_DIRECT_OBJC_ISA_USAGE = YES_ERROR;
				CLANG_WARN_EMPTY_BODY = YES;
				CLANG_WARN_ENUM_CONVERSION = YES;
				CLANG_WARN_INT_CONVERSION = YES;
				CLANG_WARN_OBJC_ROOT_CLASS = YES_ERROR;
				CLANG_WARN_UNREACHABLE_CODE = YES;
				CLANG_WARN__DUPLICATE_METHOD_MATCH = YES;
				"CODE_SIGN_IDENTITY[sdk=iphoneos*]" = "iPhone Developer";
				COPY_PHASE_STRIP = NO;
				DEBUG_INFORMATION_FORMAT = dwarf;
				ENABLE_STRICT_OBJC_MSGSEND = YES;
				ENABLE_TESTABILITY = YES;
				GCC_C_LANGUAGE_STANDARD = gnu99;
				GCC_DYNAMIC_NO_PIC = NO;
				GCC_NO_COMMON_BLOCKS = YES;
				GCC_OPTIMIZATION_LEVEL = 0;
				GCC_PREPROCESSOR_DEFINITIONS = (
					"DEBUG=1",
					"$(inherited)",
				);
				GCC_WARN_64_TO_32_BIT_CONVERSION = YES;
				GCC_WARN_ABOUT_RETURN_TYPE = YES_ERROR;
				GCC_WARN_UNDECLARED_SELECTOR = YES;
				GCC_WARN_UNINITIALIZED_AUTOS = YES_AGGRESSIVE;
				GCC_WARN_UNUSED_FUNCTION = YES;
				GCC_WARN_UNUSED_VARIABLE = YES;
				IPHONEOS_DEPLOYMENT_TARGET = 9.2;
				MTL_ENABLE_DEBUG_INFO = YES;
				ONLY_ACTIVE_ARCH = YES;
				SDKROOT = iphoneos;
			};
			name = Debug;
		};
		EEEEE94B1CEDF89000E579EA /* Release */ = {
			isa = XCBuildConfiguration;
			buildSettings = {
				ALWAYS_SEARCH_USER_PATHS = NO;
				CLANG_CXX_LANGUAGE_STANDARD = "gnu++0x";
				CLANG_CXX_LIBRARY = "libc++";
				CLANG_ENABLE_MODULES = YES;
				CLANG_ENABLE_OBJC_ARC = YES;
				CLANG_WARN_BOOL_CONVERSION = YES;
				CLANG_WARN_CONSTANT_CONVERSION = YES;
				CLANG_WARN_DIRECT_OBJC_ISA_USAGE = YES_ERROR;
				CLANG_WARN_EMPTY_BODY = YES;
				CLANG_WARN_ENUM_CONVERSION = YES;
				CLANG_WARN_INT_CONVERSION = YES;
				CLANG_WARN_OBJC_ROOT_CLASS = YES_ERROR;
				CLANG_WARN_UNREACHABLE_CODE = YES;
				CLANG_WARN__DUPLICATE_METHOD_MATCH = YES;
				"CODE_SIGN_IDENTITY[sdk=iphoneos*]" = "iPhone Developer";
				COPY_PHASE_STRIP = NO;
				DEBUG_INFORMATION_FORMAT = "dwarf-with-dsym";
				ENABLE_NS_ASSERTIONS = NO;
				ENABLE_STRICT_OBJC_MSGSEND = YES;
				GCC_C_LANGUAGE_STANDARD = gnu99;
				GCC_NO_COMMON_BLOCKS = YES;
				GCC_WARN_64_TO_32_BIT_CONVERSION = YES;
				GCC_WARN_ABOUT_RETURN_TYPE = YES_ERROR;
				GCC_WARN_UNDECLARED_SELECTOR = YES;
				GCC_WARN_UNINITIALIZED_AUTOS = YES_AGGRESSIVE;
				GCC_WARN_UNUSED_FUNCTION = YES;
				GCC_WARN_UNUSED_VARIABLE = YES;
				IPHONEOS_DEPLOYMENT_TARGET = 9.2;
				MTL_ENABLE_DEBUG_INFO = NO;
				SDKROOT = iphoneos;
				VALIDATE_PRODUCT = YES;
			};
			name = Release;
		};
		EEEEE94D1CEDF89000E579EA /* Debug */ = {
			isa = XCBuildConfiguration;
			buildSettings = {
				ASSETCATALOG_COMPILER_APPICON_NAME = AppIcon;
				INFOPLIST_FILE = TableViewSearch/Info.plist;
				IPHONEOS_DEPLOYMENT_TARGET = 7.1;
				LD_RUNPATH_SEARCH_PATHS = "$(inherited) @executable_path/Frameworks";
				PRODUCT_BUNDLE_IDENTIFIER = com.SealDeveloper.TableViewSearch;
				PRODUCT_NAME = "$(TARGET_NAME)";
			};
			name = Debug;
		};
		EEEEE94E1CEDF89000E579EA /* Release */ = {
			isa = XCBuildConfiguration;
			buildSettings = {
				ASSETCATALOG_COMPILER_APPICON_NAME = AppIcon;
				INFOPLIST_FILE = TableViewSearch/Info.plist;
				IPHONEOS_DEPLOYMENT_TARGET = 7.1;
				LD_RUNPATH_SEARCH_PATHS = "$(inherited) @executable_path/Frameworks";
				PRODUCT_BUNDLE_IDENTIFIER = com.SealDeveloper.TableViewSearch;
				PRODUCT_NAME = "$(TARGET_NAME)";
			};
			name = Release;
		};
/* End XCBuildConfiguration section */

/* Begin XCConfigurationList section */
		EEEEE92D1CEDF89000E579EA /* Build configuration list for PBXProject "TableViewSearch" */ = {
			isa = XCConfigurationList;
			buildConfigurations = (
				EEEEE94A1CEDF89000E579EA /* Debug */,
				EEEEE94B1CEDF89000E579EA /* Release */,
			);
			defaultConfigurationIsVisible = 0;
			defaultConfigurationName = Release;
		};
		EEEEE94C1CEDF89000E579EA /* Build configuration list for PBXNativeTarget "TableViewSearch" */ = {
			isa = XCConfigurationList;
			buildConfigurations = (
				EEEEE94D1CEDF89000E579EA /* Debug */,
				EEEEE94E1CEDF89000E579EA /* Release */,
			);
			defaultConfigurationIsVisible = 0;
			defaultConfigurationName = Release;
		};
/* End XCConfigurationList section */

/* Begin XCVersionGroup section */
		EEEEE9411CEDF89000E579EA /* TableViewSearch.xcdatamodeld */ = {
			isa = XCVersionGroup;
			children = (
				EEEEE9421CEDF89000E579EA /* TableViewSearch.xcdatamodel */,
			);
			currentVersion = EEEEE9421CEDF89000E579EA /* TableViewSearch.xcdatamodel */;
			path = TableViewSearch.xcdatamodeld;
			sourceTree = "<group>";
			versionGroupType = wrapper.xcdatamodel;
		};
/* End XCVersionGroup section */
	};
	rootObject = EEEEE92A1CEDF89000E579EA /* Project object */;
}
